
Microsoft Visual Studio Solution File, Format Version 12.00
# Visual Studio Version 17
VisualStudioVersion = 17.9.34616.47
MinimumVisualStudioVersion = 10.0.40219.1
Project("{FAE04EC0-301F-11D3-BF4B-00C04F79EFBC}") = "Nhom6", "Nhom6\Nhom6.csproj", "{3C3B8379-2804-49FD-9D68-5677054FD8CD}"
EndProject
Project("{FAE04EC0-301F-11D3-BF4B-00C04F79EFBC}") = "Lab01_02", "Lab01_02\Lab01_02.csproj", "{C277C240-3645-4361-A5DD-096E803E9205}"
EndProject
Global
	GlobalSection(SolutionConfigurationPlatforms) = preSolution
		Debug|Any CPU = Debug|Any CPU
		Release|Any CPU = Release|Any CPU
	EndGlobalSection
	GlobalSection(ProjectConfigurationPlatforms) = postSolution
		{3C3B8379-2804-49FD-9D68-5677054FD8CD}.Debug|Any CPU.ActiveCfg = Debug|Any CPU
		{3C3B8379-2804-49FD-9D68-5677054FD8CD}.Debug|Any CPU.Build.0 = Debug|Any CPU
		{3C3B8379-2804-49FD-9D68-5677054FD8CD}.Release|Any CPU.ActiveCfg = Release|Any CPU
		{3C3B8379-2804-49FD-9D68-5677054FD8CD}.Release|Any CPU.Build.0 = Release|Any CPU
		{C277C240-3645-4361-A5DD-096E803E9205}.Debug|Any CPU.ActiveCfg = Debug|Any CPU
		{C277C240-3645-4361-A5DD-096E803E9205}.Debug|Any CPU.Build.0 = Debug|Any CPU
		{C277C240-3645-4361-A5DD-096E803E9205}.Release|Any CPU.ActiveCfg = Release|Any CPU
		{C277C240-3645-4361-A5DD-096E803E9205}.Release|Any CPU.Build.0 = Release|Any CPU
	EndGlobalSection
	GlobalSection(SolutionProperties) = preSolution
		HideSolutionNode = FALSE
	EndGlobalSection
	GlobalSection(ExtensibilityGlobals) = postSolution
		SolutionGuid = {E876FE70-7870-4C89-9960-12C4A7455EE7}
	EndGlobalSection
EndGlobal
